
Microsoft Visual Studio Solution File, Format Version 12.00
# Visual Studio 2013
VisualStudioVersion = 12.0.31101.0
MinimumVisualStudioVersion = 10.0.40219.1
Project("{FAE04EC0-301F-11D3-BF4B-00C04F79EFBC}") = "DFramework", "DFramework\DFramework.csproj", "{C416F54E-1AC5-404A-B5B3-57254DA18E7C}"
EndProject
Project("{2150E333-8FDC-42A3-9474-1A3956D46DE8}") = "Plusins", "Plusins", "{4EC91F9B-7FE1-403F-81A2-3DD4E2EEB459}"
EndProject
Project("{FAE04EC0-301F-11D3-BF4B-00C04F79EFBC}") = "DFramework.Autofac", "Plusins\Autofac\DFramework.Autofac.csproj", "{841C4B00-F798-4E1E-BEBB-ADA810D85C0E}"
EndProject
Project("{FAE04EC0-301F-11D3-BF4B-00C04F79EFBC}") = "DFramework.CouchbaseCache", "Plusins\CouchbaseCache\DFramework.CouchbaseCache.csproj", "{67D85270-388E-4D95-951B-67C8F3ADAE53}"
EndProject
Project("{FAE04EC0-301F-11D3-BF4B-00C04F79EFBC}") = "DFramework.Log4net", "Plusins\Log4net\DFramework.Log4net.csproj", "{E7AA76D6-B29E-4F79-9123-7E3C802BFBBD}"
EndProject
Project("{2150E333-8FDC-42A3-9474-1A3956D46DE8}") = ".nuget", ".nuget", "{C0B4D73F-93D9-4308-9F36-9BC3A64B0546}"
	ProjectSection(SolutionItems) = preProject
		.nuget\NuGet.Config = .nuget\NuGet.Config
		.nuget\NuGet.exe = .nuget\NuGet.exe
		.nuget\NuGet.targets = .nuget\NuGet.targets
	EndProjectSection
EndProject
Project("{FAE04EC0-301F-11D3-BF4B-00C04F79EFBC}") = "Sample", "Sample\Sample.csproj", "{A468B051-24E0-49D2-95E9-9FD59BD441F7}"
EndProject
Project("{FAE04EC0-301F-11D3-BF4B-00C04F79EFBC}") = "Sample.Command", "Sample.Command\Sample.Command.csproj", "{7B773577-C44D-4A94-A921-330ABA6B1609}"
EndProject
Project("{FAE04EC0-301F-11D3-BF4B-00C04F79EFBC}") = "Sample.CommandExector", "Sample.CommandExector\Sample.CommandExector.csproj", "{63B657E1-9978-44DA-A2E3-EB772B7D933B}"
EndProject
Project("{2150E333-8FDC-42A3-9474-1A3956D46DE8}") = "UnitTests", "UnitTests", "{8228A69D-C032-403F-B760-553E91496B27}"
EndProject
Project("{FAE04EC0-301F-11D3-BF4B-00C04F79EFBC}") = "DFramework.Memcached.UnitTest", "Plusins\UnitTest\Memcached.UnitTest\DFramework.Memcached.UnitTest.csproj", "{1E3EDF50-8561-4259-8F36-FF583C863E24}"
EndProject
Project("{FAE04EC0-301F-11D3-BF4B-00C04F79EFBC}") = "DFramework.CouchCache.UnitTest", "Plusins\UnitTest\CouchCache.UnitTest\DFramework.CouchCache.UnitTest.csproj", "{6BAE4C90-E94B-4A42-913D-D7C77954AD27}"
EndProject
Project("{FAE04EC0-301F-11D3-BF4B-00C04F79EFBC}") = "DFramework.UnitTest", "Plusins\UnitTest\DFramework.UnitTest\DFramework.UnitTest.csproj", "{058AEF85-A0F4-4E47-BC02-41271B91D631}"
EndProject
Project("{FAE04EC0-301F-11D3-BF4B-00C04F79EFBC}") = "DFramework.Memcached", "Plusins\Memcached\DFramework.Memcached.csproj", "{C82814DD-9F00-4263-97FB-6FCE8B8BDF76}"
EndProject
Global
	GlobalSection(SolutionConfigurationPlatforms) = preSolution
		Debug|Any CPU = Debug|Any CPU
		Release|Any CPU = Release|Any CPU
	EndGlobalSection
	GlobalSection(ProjectConfigurationPlatforms) = postSolution
		{C416F54E-1AC5-404A-B5B3-57254DA18E7C}.Debug|Any CPU.ActiveCfg = Debug|Any CPU
		{C416F54E-1AC5-404A-B5B3-57254DA18E7C}.Debug|Any CPU.Build.0 = Debug|Any CPU
		{C416F54E-1AC5-404A-B5B3-57254DA18E7C}.Release|Any CPU.ActiveCfg = Release|Any CPU
		{C416F54E-1AC5-404A-B5B3-57254DA18E7C}.Release|Any CPU.Build.0 = Release|Any CPU
		{841C4B00-F798-4E1E-BEBB-ADA810D85C0E}.Debug|Any CPU.ActiveCfg = Debug|Any CPU
		{841C4B00-F798-4E1E-BEBB-ADA810D85C0E}.Debug|Any CPU.Build.0 = Debug|Any CPU
		{841C4B00-F798-4E1E-BEBB-ADA810D85C0E}.Release|Any CPU.ActiveCfg = Release|Any CPU
		{841C4B00-F798-4E1E-BEBB-ADA810D85C0E}.Release|Any CPU.Build.0 = Release|Any CPU
		{67D85270-388E-4D95-951B-67C8F3ADAE53}.Debug|Any CPU.ActiveCfg = Debug|Any CPU
		{67D85270-388E-4D95-951B-67C8F3ADAE53}.Debug|Any CPU.Build.0 = Debug|Any CPU
		{67D85270-388E-4D95-951B-67C8F3ADAE53}.Release|Any CPU.ActiveCfg = Release|Any CPU
		{67D85270-388E-4D95-951B-67C8F3ADAE53}.Release|Any CPU.Build.0 = Release|Any CPU
		{E7AA76D6-B29E-4F79-9123-7E3C802BFBBD}.Debug|Any CPU.ActiveCfg = Debug|Any CPU
		{E7AA76D6-B29E-4F79-9123-7E3C802BFBBD}.Debug|Any CPU.Build.0 = Debug|Any CPU
		{E7AA76D6-B29E-4F79-9123-7E3C802BFBBD}.Release|Any CPU.ActiveCfg = Release|Any CPU
		{E7AA76D6-B29E-4F79-9123-7E3C802BFBBD}.Release|Any CPU.Build.0 = Release|Any CPU
		{A468B051-24E0-49D2-95E9-9FD59BD441F7}.Debug|Any CPU.ActiveCfg = Debug|Any CPU
		{A468B051-24E0-49D2-95E9-9FD59BD441F7}.Debug|Any CPU.Build.0 = Debug|Any CPU
		{A468B051-24E0-49D2-95E9-9FD59BD441F7}.Release|Any CPU.ActiveCfg = Release|Any CPU
		{A468B051-24E0-49D2-95E9-9FD59BD441F7}.Release|Any CPU.Build.0 = Release|Any CPU
		{7B773577-C44D-4A94-A921-330ABA6B1609}.Debug|Any CPU.ActiveCfg = Debug|Any CPU
		{7B773577-C44D-4A94-A921-330ABA6B1609}.Debug|Any CPU.Build.0 = Debug|Any CPU
		{7B773577-C44D-4A94-A921-330ABA6B1609}.Release|Any CPU.ActiveCfg = Release|Any CPU
		{7B773577-C44D-4A94-A921-330ABA6B1609}.Release|Any CPU.Build.0 = Release|Any CPU
		{63B657E1-9978-44DA-A2E3-EB772B7D933B}.Debug|Any CPU.ActiveCfg = Debug|Any CPU
		{63B657E1-9978-44DA-A2E3-EB772B7D933B}.Debug|Any CPU.Build.0 = Debug|Any CPU
		{63B657E1-9978-44DA-A2E3-EB772B7D933B}.Release|Any CPU.ActiveCfg = Release|Any CPU
		{63B657E1-9978-44DA-A2E3-EB772B7D933B}.Release|Any CPU.Build.0 = Release|Any CPU
		{1E3EDF50-8561-4259-8F36-FF583C863E24}.Debug|Any CPU.ActiveCfg = Debug|Any CPU
		{1E3EDF50-8561-4259-8F36-FF583C863E24}.Debug|Any CPU.Build.0 = Debug|Any CPU
		{1E3EDF50-8561-4259-8F36-FF583C863E24}.Release|Any CPU.ActiveCfg = Release|Any CPU
		{1E3EDF50-8561-4259-8F36-FF583C863E24}.Release|Any CPU.Build.0 = Release|Any CPU
		{6BAE4C90-E94B-4A42-913D-D7C77954AD27}.Debug|Any CPU.ActiveCfg = Debug|Any CPU
		{6BAE4C90-E94B-4A42-913D-D7C77954AD27}.Debug|Any CPU.Build.0 = Debug|Any CPU
		{6BAE4C90-E94B-4A42-913D-D7C77954AD27}.Release|Any CPU.ActiveCfg = Release|Any CPU
		{6BAE4C90-E94B-4A42-913D-D7C77954AD27}.Release|Any CPU.Build.0 = Release|Any CPU
		{058AEF85-A0F4-4E47-BC02-41271B91D631}.Debug|Any CPU.ActiveCfg = Debug|Any CPU
		{058AEF85-A0F4-4E47-BC02-41271B91D631}.Debug|Any CPU.Build.0 = Debug|Any CPU
		{058AEF85-A0F4-4E47-BC02-41271B91D631}.Release|Any CPU.ActiveCfg = Release|Any CPU
		{058AEF85-A0F4-4E47-BC02-41271B91D631}.Release|Any CPU.Build.0 = Release|Any CPU
		{C82814DD-9F00-4263-97FB-6FCE8B8BDF76}.Debug|Any CPU.ActiveCfg = Debug|Any CPU
		{C82814DD-9F00-4263-97FB-6FCE8B8BDF76}.Debug|Any CPU.Build.0 = Debug|Any CPU
		{C82814DD-9F00-4263-97FB-6FCE8B8BDF76}.Release|Any CPU.ActiveCfg = Release|Any CPU
		{C82814DD-9F00-4263-97FB-6FCE8B8BDF76}.Release|Any CPU.Build.0 = Release|Any CPU
	EndGlobalSection
	GlobalSection(SolutionProperties) = preSolution
		HideSolutionNode = FALSE
	EndGlobalSection
	GlobalSection(NestedProjects) = preSolution
		{841C4B00-F798-4E1E-BEBB-ADA810D85C0E} = {4EC91F9B-7FE1-403F-81A2-3DD4E2EEB459}
		{67D85270-388E-4D95-951B-67C8F3ADAE53} = {4EC91F9B-7FE1-403F-81A2-3DD4E2EEB459}
		{E7AA76D6-B29E-4F79-9123-7E3C802BFBBD} = {4EC91F9B-7FE1-403F-81A2-3DD4E2EEB459}
		{1E3EDF50-8561-4259-8F36-FF583C863E24} = {8228A69D-C032-403F-B760-553E91496B27}
		{6BAE4C90-E94B-4A42-913D-D7C77954AD27} = {8228A69D-C032-403F-B760-553E91496B27}
		{058AEF85-A0F4-4E47-BC02-41271B91D631} = {8228A69D-C032-403F-B760-553E91496B27}
		{C82814DD-9F00-4263-97FB-6FCE8B8BDF76} = {4EC91F9B-7FE1-403F-81A2-3DD4E2EEB459}
	EndGlobalSection
EndGlobal
