
Microsoft Visual Studio Solution File, Format Version 12.00
# Visual Studio 2013
VisualStudioVersion = 12.0.31101.0
MinimumVisualStudioVersion = 10.0.40219.1
Project("{FAE04EC0-301F-11D3-BF4B-00C04F79EFBC}") = "DFramework", "DFramework\DFramework.csproj", "{C416F54E-1AC5-404A-B5B3-57254DA18E7C}"
EndProject
Project("{2150E333-8FDC-42A3-9474-1A3956D46DE8}") = "Plusins", "Plusins", "{4EC91F9B-7FE1-403F-81A2-3DD4E2EEB459}"
EndProject
Project("{FAE04EC0-301F-11D3-BF4B-00C04F79EFBC}") = "DFramework.Autofac", "Plusins\Autofac\DFramework.Autofac.csproj", "{841C4B00-F798-4E1E-BEBB-ADA810D85C0E}"
EndProject
Project("{FAE04EC0-301F-11D3-BF4B-00C04F79EFBC}") = "DFramework.CouchbaseCache", "Plusins\CouchbaseCache\DFramework.CouchbaseCache.csproj", "{67D85270-388E-4D95-951B-67C8F3ADAE53}"
EndProject
Project("{FAE04EC0-301F-11D3-BF4B-00C04F79EFBC}") = "DFramework.Log4net", "Plusins\Log4net\DFramework.Log4net.csproj", "{E7AA76D6-B29E-4F79-9123-7E3C802BFBBD}"
EndProject
Global
	GlobalSection(SolutionConfigurationPlatforms) = preSolution
		Debug|Any CPU = Debug|Any CPU
		Release|Any CPU = Release|Any CPU
	EndGlobalSection
	GlobalSection(ProjectConfigurationPlatforms) = postSolution
		{C416F54E-1AC5-404A-B5B3-57254DA18E7C}.Debug|Any CPU.ActiveCfg = Debug|Any CPU
		{C416F54E-1AC5-404A-B5B3-57254DA18E7C}.Debug|Any CPU.Build.0 = Debug|Any CPU
		{C416F54E-1AC5-404A-B5B3-57254DA18E7C}.Release|Any CPU.ActiveCfg = Release|Any CPU
		{C416F54E-1AC5-404A-B5B3-57254DA18E7C}.Release|Any CPU.Build.0 = Release|Any CPU
		{841C4B00-F798-4E1E-BEBB-ADA810D85C0E}.Debug|Any CPU.ActiveCfg = Debug|Any CPU
		{841C4B00-F798-4E1E-BEBB-ADA810D85C0E}.Debug|Any CPU.Build.0 = Debug|Any CPU
		{841C4B00-F798-4E1E-BEBB-ADA810D85C0E}.Release|Any CPU.ActiveCfg = Release|Any CPU
		{841C4B00-F798-4E1E-BEBB-ADA810D85C0E}.Release|Any CPU.Build.0 = Release|Any CPU
		{67D85270-388E-4D95-951B-67C8F3ADAE53}.Debug|Any CPU.ActiveCfg = Debug|Any CPU
		{67D85270-388E-4D95-951B-67C8F3ADAE53}.Debug|Any CPU.Build.0 = Debug|Any CPU
		{67D85270-388E-4D95-951B-67C8F3ADAE53}.Release|Any CPU.ActiveCfg = Release|Any CPU
		{67D85270-388E-4D95-951B-67C8F3ADAE53}.Release|Any CPU.Build.0 = Release|Any CPU
		{E7AA76D6-B29E-4F79-9123-7E3C802BFBBD}.Debug|Any CPU.ActiveCfg = Debug|Any CPU
		{E7AA76D6-B29E-4F79-9123-7E3C802BFBBD}.Debug|Any CPU.Build.0 = Debug|Any CPU
		{E7AA76D6-B29E-4F79-9123-7E3C802BFBBD}.Release|Any CPU.ActiveCfg = Release|Any CPU
		{E7AA76D6-B29E-4F79-9123-7E3C802BFBBD}.Release|Any CPU.Build.0 = Release|Any CPU
	EndGlobalSection
	GlobalSection(SolutionProperties) = preSolution
		HideSolutionNode = FALSE
	EndGlobalSection
	GlobalSection(NestedProjects) = preSolution
		{841C4B00-F798-4E1E-BEBB-ADA810D85C0E} = {4EC91F9B-7FE1-403F-81A2-3DD4E2EEB459}
		{67D85270-388E-4D95-951B-67C8F3ADAE53} = {4EC91F9B-7FE1-403F-81A2-3DD4E2EEB459}
		{E7AA76D6-B29E-4F79-9123-7E3C802BFBBD} = {4EC91F9B-7FE1-403F-81A2-3DD4E2EEB459}
	EndGlobalSection
EndGlobal
